
Microsoft Visual Studio Solution File, Format Version 12.00
# Visual Studio Version 17
VisualStudioVersion = 17.8.34330.188
MinimumVisualStudioVersion = 10.0.40219.1
Project("{FAE04EC0-301F-11D3-BF4B-00C04F79EFBC}") = "Konverterek.Konyvtar", "Konverterek.Konyvtar\Konverterek.Konyvtar.csproj", "{492EF9DB-96AA-48D9-8100-61729856720D}"
EndProject
Global
	GlobalSection(SolutionConfigurationPlatforms) = preSolution
		Debug|Any CPU = Debug|Any CPU
		Release|Any CPU = Release|Any CPU
	EndGlobalSection
	GlobalSection(ProjectConfigurationPlatforms) = postSolution
		{492EF9DB-96AA-48D9-8100-61729856720D}.Debug|Any CPU.ActiveCfg = Debug|Any CPU
		{492EF9DB-96AA-48D9-8100-61729856720D}.Debug|Any CPU.Build.0 = Debug|Any CPU
		{492EF9DB-96AA-48D9-8100-61729856720D}.Release|Any CPU.ActiveCfg = Release|Any CPU
		{492EF9DB-96AA-48D9-8100-61729856720D}.Release|Any CPU.Build.0 = Release|Any CPU
	EndGlobalSection
	GlobalSection(SolutionProperties) = preSolution
		HideSolutionNode = FALSE
	EndGlobalSection
	GlobalSection(ExtensibilityGlobals) = postSolution
		SolutionGuid = {D86ECF44-8072-4C3A-B25F-8EFA815898EE}
	EndGlobalSection
EndGlobal
