
Microsoft Visual Studio Solution File, Format Version 12.00
# Visual Studio Version 17
VisualStudioVersion = 17.8.34330.188
MinimumVisualStudioVersion = 10.0.40219.1
Project("{FAE04EC0-301F-11D3-BF4B-00C04F79EFBC}") = "KonverterProjekt", "KonverterProjekt\KonverterProjekt.csproj", "{DBAC0C83-CCA5-48F9-8DE5-193DB5749C1F}"
EndProject
Global
	GlobalSection(SolutionConfigurationPlatforms) = preSolution
		Debug|Any CPU = Debug|Any CPU
		Release|Any CPU = Release|Any CPU
	EndGlobalSection
	GlobalSection(ProjectConfigurationPlatforms) = postSolution
		{DBAC0C83-CCA5-48F9-8DE5-193DB5749C1F}.Debug|Any CPU.ActiveCfg = Debug|Any CPU
		{DBAC0C83-CCA5-48F9-8DE5-193DB5749C1F}.Debug|Any CPU.Build.0 = Debug|Any CPU
		{DBAC0C83-CCA5-48F9-8DE5-193DB5749C1F}.Release|Any CPU.ActiveCfg = Release|Any CPU
		{DBAC0C83-CCA5-48F9-8DE5-193DB5749C1F}.Release|Any CPU.Build.0 = Release|Any CPU
	EndGlobalSection
	GlobalSection(SolutionProperties) = preSolution
		HideSolutionNode = FALSE
	EndGlobalSection
	GlobalSection(ExtensibilityGlobals) = postSolution
		SolutionGuid = {D9903356-54D7-482D-A5B7-62F3092858D5}
	EndGlobalSection
EndGlobal
