
Microsoft Visual Studio Solution File, Format Version 12.00
# Visual Studio Version 17
VisualStudioVersion = 17.8.34330.188
MinimumVisualStudioVersion = 10.0.40219.1
Project("{FAE04EC0-301F-11D3-BF4B-00C04F79EFBC}") = "Proba_projekt", "Proba_projekt\Proba_projekt.csproj", "{F3BD5BB9-460E-4FF4-90FC-33BD237379F1}"
EndProject
Global
	GlobalSection(SolutionConfigurationPlatforms) = preSolution
		Debug|Any CPU = Debug|Any CPU
		Release|Any CPU = Release|Any CPU
	EndGlobalSection
	GlobalSection(ProjectConfigurationPlatforms) = postSolution
		{F3BD5BB9-460E-4FF4-90FC-33BD237379F1}.Debug|Any CPU.ActiveCfg = Debug|Any CPU
		{F3BD5BB9-460E-4FF4-90FC-33BD237379F1}.Debug|Any CPU.Build.0 = Debug|Any CPU
		{F3BD5BB9-460E-4FF4-90FC-33BD237379F1}.Release|Any CPU.ActiveCfg = Release|Any CPU
		{F3BD5BB9-460E-4FF4-90FC-33BD237379F1}.Release|Any CPU.Build.0 = Release|Any CPU
	EndGlobalSection
	GlobalSection(SolutionProperties) = preSolution
		HideSolutionNode = FALSE
	EndGlobalSection
	GlobalSection(ExtensibilityGlobals) = postSolution
		SolutionGuid = {89F3191D-7CE2-4B46-AA11-9B34557CEFD4}
	EndGlobalSection
EndGlobal
